
Microsoft Visual Studio Solution File, Format Version 12.00
# Visual Studio Version 17
VisualStudioVersion = 17.7.34018.315
MinimumVisualStudioVersion = 10.0.40219.1
Project("{FAE04EC0-301F-11D3-BF4B-00C04F79EFBC}") = "WebAPIAssign18", "WebAPIAssign18\WebAPIAssign18.csproj", "{9B6C0626-0344-49F3-858E-0411205E4A15}"
EndProject
Global
	GlobalSection(SolutionConfigurationPlatforms) = preSolution
		Debug|Any CPU = Debug|Any CPU
		Release|Any CPU = Release|Any CPU
	EndGlobalSection
	GlobalSection(ProjectConfigurationPlatforms) = postSolution
		{9B6C0626-0344-49F3-858E-0411205E4A15}.Debug|Any CPU.ActiveCfg = Debug|Any CPU
		{9B6C0626-0344-49F3-858E-0411205E4A15}.Debug|Any CPU.Build.0 = Debug|Any CPU
		{9B6C0626-0344-49F3-858E-0411205E4A15}.Release|Any CPU.ActiveCfg = Release|Any CPU
		{9B6C0626-0344-49F3-858E-0411205E4A15}.Release|Any CPU.Build.0 = Release|Any CPU
	EndGlobalSection
	GlobalSection(SolutionProperties) = preSolution
		HideSolutionNode = FALSE
	EndGlobalSection
	GlobalSection(ExtensibilityGlobals) = postSolution
		SolutionGuid = {AEE8164A-05CF-4CAF-A754-5684768C1C30}
	EndGlobalSection
EndGlobal
